// !$*UTF8*$!
{
	archiveVersion = 1;
	classes = {
	};
	objectVersion = 56;
	objects = {

/* Begin PBXBuildFile section */
		4F9C465A2C4135BE009908A7 /* AppDelegate.swift in Sources */ = {isa = PBXBuildFile; fileRef = 4F9C46592C4135BE009908A7 /* AppDelegate.swift */; };
		4F9C465C2C4135BE009908A7 /* SceneDelegate.swift in Sources */ = {isa = PBXBuildFile; fileRef = 4F9C465B2C4135BE009908A7 /* SceneDelegate.swift */; };
		4F9C465E2C4135BE009908A7 /* ViewController.swift in Sources */ = {isa = PBXBuildFile; fileRef = 4F9C465D2C4135BE009908A7 /* ViewController.swift */; };
		4F9C46612C4135BE009908A7 /* Base in Resources */ = {isa = PBXBuildFile; fileRef = 4F9C46602C4135BE009908A7 /* Base */; };
		4F9C46642C4135BE009908A7 /* ContactsApp1.xcdatamodeld in Sources */ = {isa = PBXBuildFile; fileRef = 4F9C46622C4135BE009908A7 /* ContactsApp1.xcdatamodeld */; };
		4F9C46662C4135C0009908A7 /* Assets.xcassets in Resources */ = {isa = PBXBuildFile; fileRef = 4F9C46652C4135C0009908A7 /* Assets.xcassets */; };
		4F9C46692C4135C0009908A7 /* Base in Resources */ = {isa = PBXBuildFile; fileRef = 4F9C46682C4135C0009908A7 /* Base */; };
		4F9C46742C4135C0009908A7 /* ContactsApp1Tests.swift in Sources */ = {isa = PBXBuildFile; fileRef = 4F9C46732C4135C0009908A7 /* ContactsApp1Tests.swift */; };
		4F9C467E2C4135C0009908A7 /* ContactsApp1UITests.swift in Sources */ = {isa = PBXBuildFile; fileRef = 4F9C467D2C4135C0009908A7 /* ContactsApp1UITests.swift */; };
		4F9C46802C4135C0009908A7 /* ContactsApp1UITestsLaunchTests.swift in Sources */ = {isa = PBXBuildFile; fileRef = 4F9C467F2C4135C0009908A7 /* ContactsApp1UITestsLaunchTests.swift */; };
/* End PBXBuildFile section */

/* Begin PBXContainerItemProxy section */
		4F9C46702C4135C0009908A7 /* PBXContainerItemProxy */ = {
			isa = PBXContainerItemProxy;
			containerPortal = 4F9C464E2C4135BE009908A7 /* Project object */;
			proxyType = 1;
			remoteGlobalIDString = 4F9C46552C4135BE009908A7;
			remoteInfo = ContactsApp1;
		};
		4F9C467A2C4135C0009908A7 /* PBXContainerItemProxy */ = {
			isa = PBXContainerItemProxy;
			containerPortal = 4F9C464E2C4135BE009908A7 /* Project object */;
			proxyType = 1;
			remoteGlobalIDString = 4F9C46552C4135BE009908A7;
			remoteInfo = ContactsApp1;
		};
/* End PBXContainerItemProxy section */

/* Begin PBXFileReference section */
		4F9C46562C4135BE009908A7 /* ContactsApp1.app */ = {isa = PBXFileReference; explicitFileType = wrapper.application; includeInIndex = 0; path = ContactsApp1.app; sourceTree = BUILT_PRODUCTS_DIR; };
		4F9C46592C4135BE009908A7 /* AppDelegate.swift */ = {isa = PBXFileReference; lastKnownFileType = sourcecode.swift; path = AppDelegate.swift; sourceTree = "<group>"; };
		4F9C465B2C4135BE009908A7 /* SceneDelegate.swift */ = {isa = PBXFileReference; lastKnownFileType = sourcecode.swift; path = SceneDelegate.swift; sourceTree = "<group>"; };
		4F9C465D2C4135BE009908A7 /* ViewController.swift */ = {isa = PBXFileReference; lastKnownFileType = sourcecode.swift; path = ViewController.swift; sourceTree = "<group>"; };
		4F9C46602C4135BE009908A7 /* Base */ = {isa = PBXFileReference; lastKnownFileType = file.storyboard; name = Base; path = Base.lproj/Main.storyboard; sourceTree = "<group>"; };
		4F9C46632C4135BE009908A7 /* ContactsApp1.xcdatamodel */ = {isa = PBXFileReference; lastKnownFileType = wrapper.xcdatamodel; path = ContactsApp1.xcdatamodel; sourceTree = "<group>"; };
		4F9C46652C4135C0009908A7 /* Assets.xcassets */ = {isa = PBXFileReference; lastKnownFileType = folder.assetcatalog; path = Assets.xcassets; sourceTree = "<group>"; };
		4F9C46682C4135C0009908A7 /* Base */ = {isa = PBXFileReference; lastKnownFileType = file.storyboard; name = Base; path = Base.lproj/LaunchScreen.storyboard; sourceTree = "<group>"; };
		4F9C466A2C4135C0009908A7 /* Info.plist */ = {isa = PBXFileReference; lastKnownFileType = text.plist.xml; path = Info.plist; sourceTree = "<group>"; };
		4F9C466F2C4135C0009908A7 /* ContactsApp1Tests.xctest */ = {isa = PBXFileReference; explicitFileType = wrapper.cfbundle; includeInIndex = 0; path = ContactsApp1Tests.xctest; sourceTree = BUILT_PRODUCTS_DIR; };
		4F9C46732C4135C0009908A7 /* ContactsApp1Tests.swift */ = {isa = PBXFileReference; lastKnownFileType = sourcecode.swift; path = ContactsApp1Tests.swift; sourceTree = "<group>"; };
		4F9C46792C4135C0009908A7 /* ContactsApp1UITests.xctest */ = {isa = PBXFileReference; explicitFileType = wrapper.cfbundle; includeInIndex = 0; path = ContactsApp1UITests.xctest; sourceTree = BUILT_PRODUCTS_DIR; };
		4F9C467D2C4135C0009908A7 /* ContactsApp1UITests.swift */ = {isa = PBXFileReference; lastKnownFileType = sourcecode.swift; path = ContactsApp1UITests.swift; sourceTree = "<group>"; };
		4F9C467F2C4135C0009908A7 /* ContactsApp1UITestsLaunchTests.swift */ = {isa = PBXFileReference; lastKnownFileType = sourcecode.swift; path = ContactsApp1UITestsLaunchTests.swift; sourceTree = "<group>"; };
/* End PBXFileReference section */

/* Begin PBXFrameworksBuildPhase section */
		4F9C46532C4135BE009908A7 /* Frameworks */ = {
			isa = PBXFrameworksBuildPhase;
			buildActionMask = 2147483647;
			files = (
			);
			runOnlyForDeploymentPostprocessing = 0;
		};
		4F9C466C2C4135C0009908A7 /* Frameworks */ = {
			isa = PBXFrameworksBuildPhase;
			buildActionMask = 2147483647;
			files = (
			);
			runOnlyForDeploymentPostprocessing = 0;
		};
		4F9C46762C4135C0009908A7 /* Frameworks */ = {
			isa = PBXFrameworksBuildPhase;
			buildActionMask = 2147483647;
			files = (
			);
			runOnlyForDeploymentPostprocessing = 0;
		};
/* End PBXFrameworksBuildPhase section */

/* Begin PBXGroup section */
		4F9C464D2C4135BE009908A7 = {
			isa = PBXGroup;
			children = (
				4F9C46582C4135BE009908A7 /* ContactsApp1 */,
				4F9C46722C4135C0009908A7 /* ContactsApp1Tests */,
				4F9C467C2C4135C0009908A7 /* ContactsApp1UITests */,
				4F9C46572C4135BE009908A7 /* Products */,
			);
			sourceTree = "<group>";
		};
		4F9C46572C4135BE009908A7 /* Products */ = {
			isa = PBXGroup;
			children = (
				4F9C46562C4135BE009908A7 /* ContactsApp1.app */,
				4F9C466F2C4135C0009908A7 /* ContactsApp1Tests.xctest */,
				4F9C46792C4135C0009908A7 /* ContactsApp1UITests.xctest */,
			);
			name = Products;
			sourceTree = "<group>";
		};
		4F9C46582C4135BE009908A7 /* ContactsApp1 */ = {
			isa = PBXGroup;
			children = (
				4F9C46592C4135BE009908A7 /* AppDelegate.swift */,
				4F9C465B2C4135BE009908A7 /* SceneDelegate.swift */,
				4F9C465D2C4135BE009908A7 /* ViewController.swift */,
				4F9C465F2C4135BE009908A7 /* Main.storyboard */,
				4F9C46652C4135C0009908A7 /* Assets.xcassets */,
				4F9C46672C4135C0009908A7 /* LaunchScreen.storyboard */,
				4F9C466A2C4135C0009908A7 /* Info.plist */,
				4F9C46622C4135BE009908A7 /* ContactsApp1.xcdatamodeld */,
			);
			path = ContactsApp1;
			sourceTree = "<group>";
		};
		4F9C46722C4135C0009908A7 /* ContactsApp1Tests */ = {
			isa = PBXGroup;
			children = (
				4F9C46732C4135C0009908A7 /* ContactsApp1Tests.swift */,
			);
			path = ContactsApp1Tests;
			sourceTree = "<group>";
		};
		4F9C467C2C4135C0009908A7 /* ContactsApp1UITests */ = {
			isa = PBXGroup;
			children = (
				4F9C467D2C4135C0009908A7 /* ContactsApp1UITests.swift */,
				4F9C467F2C4135C0009908A7 /* ContactsApp1UITestsLaunchTests.swift */,
			);
			path = ContactsApp1UITests;
			sourceTree = "<group>";
		};
/* End PBXGroup section */

/* Begin PBXNativeTarget section */
		4F9C46552C4135BE009908A7 /* ContactsApp1 */ = {
			isa = PBXNativeTarget;
			buildConfigurationList = 4F9C46832C4135C0009908A7 /* Build configuration list for PBXNativeTarget "ContactsApp1" */;
			buildPhases = (
				4F9C46522C4135BE009908A7 /* Sources */,
				4F9C46532C4135BE009908A7 /* Frameworks */,
				4F9C46542C4135BE009908A7 /* Resources */,
			);
			buildRules = (
			);
			dependencies = (
			);
			name = ContactsApp1;
			productName = ContactsApp1;
			productReference = 4F9C46562C4135BE009908A7 /* ContactsApp1.app */;
			productType = "com.apple.product-type.application";
		};
		4F9C466E2C4135C0009908A7 /* ContactsApp1Tests */ = {
			isa = PBXNativeTarget;
			buildConfigurationList = 4F9C46862C4135C0009908A7 /* Build configuration list for PBXNativeTarget "ContactsApp1Tests" */;
			buildPhases = (
				4F9C466B2C4135C0009908A7 /* Sources */,
				4F9C466C2C4135C0009908A7 /* Frameworks */,
				4F9C466D2C4135C0009908A7 /* Resources */,
			);
			buildRules = (
			);
			dependencies = (
				4F9C46712C4135C0009908A7 /* PBXTargetDependency */,
			);
			name = ContactsApp1Tests;
			productName = ContactsApp1Tests;
			productReference = 4F9C466F2C4135C0009908A7 /* ContactsApp1Tests.xctest */;
			productType = "com.apple.product-type.bundle.unit-test";
		};
		4F9C46782C4135C0009908A7 /* ContactsApp1UITests */ = {
			isa = PBXNativeTarget;
			buildConfigurationList = 4F9C46892C4135C0009908A7 /* Build configuration list for PBXNativeTarget "ContactsApp1UITests" */;
			buildPhases = (
				4F9C46752C4135C0009908A7 /* Sources */,
				4F9C46762C4135C0009908A7 /* Frameworks */,
				4F9C46772C4135C0009908A7 /* Resources */,
			);
			buildRules = (
			);
			dependencies = (
				4F9C467B2C4135C0009908A7 /* PBXTargetDependency */,
			);
			name = ContactsApp1UITests;
			productName = ContactsApp1UITests;
			productReference = 4F9C46792C4135C0009908A7 /* ContactsApp1UITests.xctest */;
			productType = "com.apple.product-type.bundle.ui-testing";
		};
/* End PBXNativeTarget section */

/* Begin PBXProject section */
		4F9C464E2C4135BE009908A7 /* Project object */ = {
			isa = PBXProject;
			attributes = {
				BuildIndependentTargetsInParallel = 1;
				LastSwiftUpdateCheck = 1540;
				LastUpgradeCheck = 1540;
				TargetAttributes = {
					4F9C46552C4135BE009908A7 = {
						CreatedOnToolsVersion = 15.4;
					};
					4F9C466E2C4135C0009908A7 = {
						CreatedOnToolsVersion = 15.4;
						TestTargetID = 4F9C46552C4135BE009908A7;
					};
					4F9C46782C4135C0009908A7 = {
						CreatedOnToolsVersion = 15.4;
						TestTargetID = 4F9C46552C4135BE009908A7;
					};
				};
			};
			buildConfigurationList = 4F9C46512C4135BE009908A7 /* Build configuration list for PBXProject "ContactsApp1" */;
			compatibilityVersion = "Xcode 14.0";
			developmentRegion = en;
			hasScannedForEncodings = 0;
			knownRegions = (
				en,
				Base,
			);
			mainGroup = 4F9C464D2C4135BE009908A7;
			productRefGroup = 4F9C46572C4135BE009908A7 /* Products */;
			projectDirPath = "";
			projectRoot = "";
			targets = (
				4F9C46552C4135BE009908A7 /* ContactsApp1 */,
				4F9C466E2C4135C0009908A7 /* ContactsApp1Tests */,
				4F9C46782C4135C0009908A7 /* ContactsApp1UITests */,
			);
		};
/* End PBXProject section */

/* Begin PBXResourcesBuildPhase section */
		4F9C46542C4135BE009908A7 /* Resources */ = {
			isa = PBXResourcesBuildPhase;
			buildActionMask = 2147483647;
			files = (
				4F9C46662C4135C0009908A7 /* Assets.xcassets in Resources */,
				4F9C46692C4135C0009908A7 /* Base in Resources */,
				4F9C46612C4135BE009908A7 /* Base in Resources */,
			);
			runOnlyForDeploymentPostprocessing = 0;
		};
		4F9C466D2C4135C0009908A7 /* Resources */ = {
			isa = PBXResourcesBuildPhase;
			buildActionMask = 2147483647;
			files = (
			);
			runOnlyForDeploymentPostprocessing = 0;
		};
		4F9C46772C4135C0009908A7 /* Resources */ = {
			isa = PBXResourcesBuildPhase;
			buildActionMask = 2147483647;
			files = (
			);
			runOnlyForDeploymentPostprocessing = 0;
		};
/* End PBXResourcesBuildPhase section */

/* Begin PBXSourcesBuildPhase section */
		4F9C46522C4135BE009908A7 /* Sources */ = {
			isa = PBXSourcesBuildPhase;
			buildActionMask = 2147483647;
			files = (
				4F9C465E2C4135BE009908A7 /* ViewController.swift in Sources */,
				4F9C465A2C4135BE009908A7 /* AppDelegate.swift in Sources */,
				4F9C46642C4135BE009908A7 /* ContactsApp1.xcdatamodeld in Sources */,
				4F9C465C2C4135BE009908A7 /* SceneDelegate.swift in Sources */,
			);
			runOnlyForDeploymentPostprocessing = 0;
		};
		4F9C466B2C4135C0009908A7 /* Sources */ = {
			isa = PBXSourcesBuildPhase;
			buildActionMask = 2147483647;
			files = (
				4F9C46742C4135C0009908A7 /* ContactsApp1Tests.swift in Sources */,
			);
			runOnlyForDeploymentPostprocessing = 0;
		};
		4F9C46752C4135C0009908A7 /* Sources */ = {
			isa = PBXSourcesBuildPhase;
			buildActionMask = 2147483647;
			files = (
				4F9C467E2C4135C0009908A7 /* ContactsApp1UITests.swift in Sources */,
				4F9C46802C4135C0009908A7 /* ContactsApp1UITestsLaunchTests.swift in Sources */,
			);
			runOnlyForDeploymentPostprocessing = 0;
		};
/* End PBXSourcesBuildPhase section */

/* Begin PBXTargetDependency section */
		4F9C46712C4135C0009908A7 /* PBXTargetDependency */ = {
			isa = PBXTargetDependency;
			target = 4F9C46552C4135BE009908A7 /* ContactsApp1 */;
			targetProxy = 4F9C46702C4135C0009908A7 /* PBXContainerItemProxy */;
		};
		4F9C467B2C4135C0009908A7 /* PBXTargetDependency */ = {
			isa = PBXTargetDependency;
			target = 4F9C46552C4135BE009908A7 /* ContactsApp1 */;
			targetProxy = 4F9C467A2C4135C0009908A7 /* PBXContainerItemProxy */;
		};
/* End PBXTargetDependency section */

/* Begin PBXVariantGroup section */
		4F9C465F2C4135BE009908A7 /* Main.storyboard */ = {
			isa = PBXVariantGroup;
			children = (
				4F9C46602C4135BE009908A7 /* Base */,
			);
			name = Main.storyboard;
			sourceTree = "<group>";
		};
		4F9C46672C4135C0009908A7 /* LaunchScreen.storyboard */ = {
			isa = PBXVariantGroup;
			children = (
				4F9C46682C4135C0009908A7 /* Base */,
			);
			name = LaunchScreen.storyboard;
			sourceTree = "<group>";
		};
/* End PBXVariantGroup section */

/* Begin XCBuildConfiguration section */
		4F9C46812C4135C0009908A7 /* Debug */ = {
			isa = XCBuildConfiguration;
			buildSettings = {
				ALWAYS_SEARCH_USER_PATHS = NO;
				ASSETCATALOG_COMPILER_GENERATE_SWIFT_ASSET_SYMBOL_EXTENSIONS = YES;
				CLANG_ANALYZER_NONNULL = YES;
				CLANG_ANALYZER_NUMBER_OBJECT_CONVERSION = YES_AGGRESSIVE;
				CLANG_CXX_LANGUAGE_STANDARD = "gnu++20";
				CLANG_ENABLE_MODULES = YES;
				CLANG_ENABLE_OBJC_ARC = YES;
				CLANG_ENABLE_OBJC_WEAK = YES;
				CLANG_WARN_BLOCK_CAPTURE_AUTORELEASING = YES;
				CLANG_WARN_BOOL_CONVERSION = YES;
				CLANG_WARN_COMMA = YES;
				CLANG_WARN_CONSTANT_CONVERSION = YES;
				CLANG_WARN_DEPRECATED_OBJC_IMPLEMENTATIONS = YES;
				CLANG_WARN_DIRECT_OBJC_ISA_USAGE = YES_ERROR;
				CLANG_WARN_DOCUMENTATION_COMMENTS = YES;
				CLANG_WARN_EMPTY_BODY = YES;
				CLANG_WARN_ENUM_CONVERSION = YES;
				CLANG_WARN_INFINITE_RECURSION = YES;
				CLANG_WARN_INT_CONVERSION = YES;
				CLANG_WARN_NON_LITERAL_NULL_CONVERSION = YES;
				CLANG_WARN_OBJC_IMPLICIT_RETAIN_SELF = YES;
				CLANG_WARN_OBJC_LITERAL_CONVERSION = YES;
				CLANG_WARN_OBJC_ROOT_CLASS = YES_ERROR;
				CLANG_WARN_QUOTED_INCLUDE_IN_FRAMEWORK_HEADER = YES;
				CLANG_WARN_RANGE_LOOP_ANALYSIS = YES;
				CLANG_WARN_STRICT_PROTOTYPES = YES;
				CLANG_WARN_SUSPICIOUS_MOVE = YES;
				CLANG_WARN_UNGUARDED_AVAILABILITY = YES_AGGRESSIVE;
				CLANG_WARN_UNREACHABLE_CODE = YES;
				CLANG_WARN__DUPLICATE_METHOD_MATCH = YES;
				COPY_PHASE_STRIP = NO;
				DEBUG_INFORMATION_FORMAT = dwarf;
				ENABLE_STRICT_OBJC_MSGSEND = YES;
				ENABLE_TESTABILITY = YES;
				ENABLE_USER_SCRIPT_SANDBOXING = YES;
				GCC_C_LANGUAGE_STANDARD = gnu17;
				GCC_DYNAMIC_NO_PIC = NO;
				GCC_NO_COMMON_BLOCKS = YES;
				GCC_OPTIMIZATION_LEVEL = 0;
				GCC_PREPROCESSOR_DEFINITIONS = (
					"DEBUG=1",
					"$(inherited)",
				);
				GCC_WARN_64_TO_32_BIT_CONVERSION = YES;
				GCC_WARN_ABOUT_RETURN_TYPE = YES_ERROR;
				GCC_WARN_UNDECLARED_SELECTOR = YES;
				GCC_WARN_UNINITIALIZED_AUTOS = YES_AGGRESSIVE;
				GCC_WARN_UNUSED_FUNCTION = YES;
				GCC_WARN_UNUSED_VARIABLE = YES;
				IPHONEOS_DEPLOYMENT_TARGET = 17.5;
				LOCALIZATION_PREFERS_STRING_CATALOGS = YES;
				MTL_ENABLE_DEBUG_INFO = INCLUDE_SOURCE;
				MTL_FAST_MATH = YES;
				ONLY_ACTIVE_ARCH = YES;
				SDKROOT = iphoneos;
				SWIFT_ACTIVE_COMPILATION_CONDITIONS = "DEBUG $(inherited)";
				SWIFT_OPTIMIZATION_LEVEL = "-Onone";
			};
			name = Debug;
		};
		4F9C46822C4135C0009908A7 /* Release */ = {
			isa = XCBuildConfiguration;
			buildSettings = {
				ALWAYS_SEARCH_USER_PATHS = NO;
				ASSETCATALOG_COMPILER_GENERATE_SWIFT_ASSET_SYMBOL_EXTENSIONS = YES;
				CLANG_ANALYZER_NONNULL = YES;
				CLANG_ANALYZER_NUMBER_OBJECT_CONVERSION = YES_AGGRESSIVE;
				CLANG_CXX_LANGUAGE_STANDARD = "gnu++20";
				CLANG_ENABLE_MODULES = YES;
				CLANG_ENABLE_OBJC_ARC = YES;
				CLANG_ENABLE_OBJC_WEAK = YES;
				CLANG_WARN_BLOCK_CAPTURE_AUTORELEASING = YES;
				CLANG_WARN_BOOL_CONVERSION = YES;
				CLANG_WARN_COMMA = YES;
				CLANG_WARN_CONSTANT_CONVERSION = YES;
				CLANG_WARN_DEPRECATED_OBJC_IMPLEMENTATIONS = YES;
				CLANG_WARN_DIRECT_OBJC_ISA_USAGE = YES_ERROR;
				CLANG_WARN_DOCUMENTATION_COMMENTS = YES;
				CLANG_WARN_EMPTY_BODY = YES;
				CLANG_WARN_ENUM_CONVERSION = YES;
				CLANG_WARN_INFINITE_RECURSION = YES;
				CLANG_WARN_INT_CONVERSION = YES;
				CLANG_WARN_NON_LITERAL_NULL_CONVERSION = YES;
				CLANG_WARN_OBJC_IMPLICIT_RETAIN_SELF = YES;
				CLANG_WARN_OBJC_LITERAL_CONVERSION = YES;
				CLANG_WARN_OBJC_ROOT_CLASS = YES_ERROR;
				CLANG_WARN_QUOTED_INCLUDE_IN_FRAMEWORK_HEADER = YES;
				CLANG_WARN_RANGE_LOOP_ANALYSIS = YES;
				CLANG_WARN_STRICT_PROTOTYPES = YES;
				CLANG_WARN_SUSPICIOUS_MOVE = YES;
				CLANG_WARN_UNGUARDED_AVAILABILITY = YES_AGGRESSIVE;
				CLANG_WARN_UNREACHABLE_CODE = YES;
				CLANG_WARN__DUPLICATE_METHOD_MATCH = YES;
				COPY_PHASE_STRIP = NO;
				DEBUG_INFORMATION_FORMAT = "dwarf-with-dsym";
				ENABLE_NS_ASSERTIONS = NO;
				ENABLE_STRICT_OBJC_MSGSEND = YES;
				ENABLE_USER_SCRIPT_SANDBOXING = YES;
				GCC_C_LANGUAGE_STANDARD = gnu17;
				GCC_NO_COMMON_BLOCKS = YES;
				GCC_WARN_64_TO_32_BIT_CONVERSION = YES;
				GCC_WARN_ABOUT_RETURN_TYPE = YES_ERROR;
				GCC_WARN_UNDECLARED_SELECTOR = YES;
				GCC_WARN_UNINITIALIZED_AUTOS = YES_AGGRESSIVE;
				GCC_WARN_UNUSED_FUNCTION = YES;
				GCC_WARN_UNUSED_VARIABLE = YES;
				IPHONEOS_DEPLOYMENT_TARGET = 17.5;
				LOCALIZATION_PREFERS_STRING_CATALOGS = YES;
				MTL_ENABLE_DEBUG_INFO = NO;
				MTL_FAST_MATH = YES;
				SDKROOT = iphoneos;
				SWIFT_COMPILATION_MODE = wholemodule;
				VALIDATE_PRODUCT = YES;
			};
			name = Release;
		};
		4F9C46842C4135C0009908A7 /* Debug */ = {
			isa = XCBuildConfiguration;
			buildSettings = {
				ASSETCATALOG_COMPILER_APPICON_NAME = AppIcon;
				ASSETCATALOG_COMPILER_GLOBAL_ACCENT_COLOR_NAME = AccentColor;
				CODE_SIGN_STYLE = Automatic;
				CURRENT_PROJECT_VERSION = 1;
				DEVELOPMENT_TEAM = 3B4L8MDJMT;
				GENERATE_INFOPLIST_FILE = YES;
				INFOPLIST_FILE = ContactsApp1/Info.plist;
				INFOPLIST_KEY_UIApplicationSupportsIndirectInputEvents = YES;
				INFOPLIST_KEY_UILaunchStoryboardName = LaunchScreen;
				INFOPLIST_KEY_UIMainStoryboardFile = Main;
				INFOPLIST_KEY_UISupportedInterfaceOrientations_iPad = "UIInterfaceOrientationPortrait UIInterfaceOrientationPortraitUpsideDown UIInterfaceOrientationLandscapeLeft UIInterfaceOrientationLandscapeRight";
				INFOPLIST_KEY_UISupportedInterfaceOrientations_iPhone = "UIInterfaceOrientationPortrait UIInterfaceOrientationLandscapeLeft UIInterfaceOrientationLandscapeRight";
				LD_RUNPATH_SEARCH_PATHS = (
					"$(inherited)",
					"@executable_path/Frameworks",
				);
				MARKETING_VERSION = 1.0;
				PRODUCT_BUNDLE_IDENTIFIER = IyuIyu.ContactsApp1;
				PRODUCT_NAME = "$(TARGET_NAME)";
				SWIFT_EMIT_LOC_STRINGS = YES;
				SWIFT_VERSION = 5.0;
				TARGETED_DEVICE_FAMILY = "1,2";
			};
			name = Debug;
		};
		4F9C46852C4135C0009908A7 /* Release */ = {
			isa = XCBuildConfiguration;
			buildSettings = {
				ASSETCATALOG_COMPILER_APPICON_NAME = AppIcon;
				ASSETCATALOG_COMPILER_GLOBAL_ACCENT_COLOR_NAME = AccentColor;
				CODE_SIGN_STYLE = Automatic;
				CURRENT_PROJECT_VERSION = 1;
				DEVELOPMENT_TEAM = 3B4L8MDJMT;
				GENERATE_INFOPLIST_FILE = YES;
				INFOPLIST_FILE = ContactsApp1/Info.plist;
				INFOPLIST_KEY_UIApplicationSupportsIndirectInputEvents = YES;
				INFOPLIST_KEY_UILaunchStoryboardName = LaunchScreen;
				INFOPLIST_KEY_UIMainStoryboardFile = Main;
				INFOPLIST_KEY_UISupportedInterfaceOrientations_iPad = "UIInterfaceOrientationPortrait UIInterfaceOrientationPortraitUpsideDown UIInterfaceOrientationLandscapeLeft UIInterfaceOrientationLandscapeRight";
				INFOPLIST_KEY_UISupportedInterfaceOrientations_iPhone = "UIInterfaceOrientationPortrait UIInterfaceOrientationLandscapeLeft UIInterfaceOrientationLandscapeRight";
				LD_RUNPATH_SEARCH_PATHS = (
					"$(inherited)",
					"@executable_path/Frameworks",
				);
				MARKETING_VERSION = 1.0;
				PRODUCT_BUNDLE_IDENTIFIER = IyuIyu.ContactsApp1;
				PRODUCT_NAME = "$(TARGET_NAME)";
				SWIFT_EMIT_LOC_STRINGS = YES;
				SWIFT_VERSION = 5.0;
				TARGETED_DEVICE_FAMILY = "1,2";
			};
			name = Release;
		};
		4F9C46872C4135C0009908A7 /* Debug */ = {
			isa = XCBuildConfiguration;
			buildSettings = {
				ALWAYS_EMBED_SWIFT_STANDARD_LIBRARIES = YES;
				BUNDLE_LOADER = "$(TEST_HOST)";
				CODE_SIGN_STYLE = Automatic;
				CURRENT_PROJECT_VERSION = 1;
				DEVELOPMENT_TEAM = 3B4L8MDJMT;
				GENERATE_INFOPLIST_FILE = YES;
				IPHONEOS_DEPLOYMENT_TARGET = 17.5;
				MARKETING_VERSION = 1.0;
				PRODUCT_BUNDLE_IDENTIFIER = IyuIyu.ContactsApp1Tests;
				PRODUCT_NAME = "$(TARGET_NAME)";
				SWIFT_EMIT_LOC_STRINGS = NO;
				SWIFT_VERSION = 5.0;
				TARGETED_DEVICE_FAMILY = "1,2";
				TEST_HOST = "$(BUILT_PRODUCTS_DIR)/ContactsApp1.app/$(BUNDLE_EXECUTABLE_FOLDER_PATH)/ContactsApp1";
			};
			name = Debug;
		};
		4F9C46882C4135C0009908A7 /* Release */ = {
			isa = XCBuildConfiguration;
			buildSettings = {
				ALWAYS_EMBED_SWIFT_STANDARD_LIBRARIES = YES;
				BUNDLE_LOADER = "$(TEST_HOST)";
				CODE_SIGN_STYLE = Automatic;
				CURRENT_PROJECT_VERSION = 1;
				DEVELOPMENT_TEAM = 3B4L8MDJMT;
				GENERATE_INFOPLIST_FILE = YES;
				IPHONEOS_DEPLOYMENT_TARGET = 17.5;
				MARKETING_VERSION = 1.0;
				PRODUCT_BUNDLE_IDENTIFIER = IyuIyu.ContactsApp1Tests;
				PRODUCT_NAME = "$(TARGET_NAME)";
				SWIFT_EMIT_LOC_STRINGS = NO;
				SWIFT_VERSION = 5.0;
				TARGETED_DEVICE_FAMILY = "1,2";
				TEST_HOST = "$(BUILT_PRODUCTS_DIR)/ContactsApp1.app/$(BUNDLE_EXECUTABLE_FOLDER_PATH)/ContactsApp1";
			};
			name = Release;
		};
		4F9C468A2C4135C0009908A7 /* Debug */ = {
			isa = XCBuildConfiguration;
			buildSettings = {
				ALWAYS_EMBED_SWIFT_STANDARD_LIBRARIES = YES;
				CODE_SIGN_STYLE = Automatic;
				CURRENT_PROJECT_VERSION = 1;
				DEVELOPMENT_TEAM = 3B4L8MDJMT;
				GENERATE_INFOPLIST_FILE = YES;
				MARKETING_VERSION = 1.0;
				PRODUCT_BUNDLE_IDENTIFIER = IyuIyu.ContactsApp1UITests;
				PRODUCT_NAME = "$(TARGET_NAME)";
				SWIFT_EMIT_LOC_STRINGS = NO;
				SWIFT_VERSION = 5.0;
				TARGETED_DEVICE_FAMILY = "1,2";
				TEST_TARGET_NAME = ContactsApp1;
			};
			name = Debug;
		};
		4F9C468B2C4135C0009908A7 /* Release */ = {
			isa = XCBuildConfiguration;
			buildSettings = {
				ALWAYS_EMBED_SWIFT_STANDARD_LIBRARIES = YES;
				CODE_SIGN_STYLE = Automatic;
				CURRENT_PROJECT_VERSION = 1;
				DEVELOPMENT_TEAM = 3B4L8MDJMT;
				GENERATE_INFOPLIST_FILE = YES;
				MARKETING_VERSION = 1.0;
				PRODUCT_BUNDLE_IDENTIFIER = IyuIyu.ContactsApp1UITests;
				PRODUCT_NAME = "$(TARGET_NAME)";
				SWIFT_EMIT_LOC_STRINGS = NO;
				SWIFT_VERSION = 5.0;
				TARGETED_DEVICE_FAMILY = "1,2";
				TEST_TARGET_NAME = ContactsApp1;
			};
			name = Release;
		};
/* End XCBuildConfiguration section */

/* Begin XCConfigurationList section */
		4F9C46512C4135BE009908A7 /* Build configuration list for PBXProject "ContactsApp1" */ = {
			isa = XCConfigurationList;
			buildConfigurations = (
				4F9C46812C4135C0009908A7 /* Debug */,
				4F9C46822C4135C0009908A7 /* Release */,
			);
			defaultConfigurationIsVisible = 0;
			defaultConfigurationName = Release;
		};
		4F9C46832C4135C0009908A7 /* Build configuration list for PBXNativeTarget "ContactsApp1" */ = {
			isa = XCConfigurationList;
			buildConfigurations = (
				4F9C46842C4135C0009908A7 /* Debug */,
				4F9C46852C4135C0009908A7 /* Release */,
			);
			defaultConfigurationIsVisible = 0;
			defaultConfigurationName = Release;
		};
		4F9C46862C4135C0009908A7 /* Build configuration list for PBXNativeTarget "ContactsApp1Tests" */ = {
			isa = XCConfigurationList;
			buildConfigurations = (
				4F9C46872C4135C0009908A7 /* Debug */,
				4F9C46882C4135C0009908A7 /* Release */,
			);
			defaultConfigurationIsVisible = 0;
			defaultConfigurationName = Release;
		};
		4F9C46892C4135C0009908A7 /* Build configuration list for PBXNativeTarget "ContactsApp1UITests" */ = {
			isa = XCConfigurationList;
			buildConfigurations = (
				4F9C468A2C4135C0009908A7 /* Debug */,
				4F9C468B2C4135C0009908A7 /* Release */,
			);
			defaultConfigurationIsVisible = 0;
			defaultConfigurationName = Release;
		};
/* End XCConfigurationList section */

/* Begin XCVersionGroup section */
		4F9C46622C4135BE009908A7 /* ContactsApp1.xcdatamodeld */ = {
			isa = XCVersionGroup;
			children = (
				4F9C46632C4135BE009908A7 /* ContactsApp1.xcdatamodel */,
			);
			currentVersion = 4F9C46632C4135BE009908A7 /* ContactsApp1.xcdatamodel */;
			path = ContactsApp1.xcdatamodeld;
			sourceTree = "<group>";
			versionGroupType = wrapper.xcdatamodel;
		};
/* End XCVersionGroup section */
	};
	rootObject = 4F9C464E2C4135BE009908A7 /* Project object */;
}
